
Microsoft Visual Studio Solution File, Format Version 12.00
# Visual Studio Version 17
VisualStudioVersion = 17.0.32112.339
MinimumVisualStudioVersion = 10.0.40219.1
Project("{FAE04EC0-301F-11D3-BF4B-00C04F79EFBC}") = "Project1", "Project1.csproj", "{2CDD4710-A314-4F06-9215-58D60D2B95B8}"
EndProject
Global
	GlobalSection(SolutionConfigurationPlatforms) = preSolution
		Debug|Any CPU = Debug|Any CPU
		Release|Any CPU = Release|Any CPU
	EndGlobalSection
	GlobalSection(ProjectConfigurationPlatforms) = postSolution
		{2CDD4710-A314-4F06-9215-58D60D2B95B8}.Debug|Any CPU.ActiveCfg = Debug|Any CPU
		{2CDD4710-A314-4F06-9215-58D60D2B95B8}.Debug|Any CPU.Build.0 = Debug|Any CPU
		{2CDD4710-A314-4F06-9215-58D60D2B95B8}.Release|Any CPU.ActiveCfg = Release|Any CPU
		{2CDD4710-A314-4F06-9215-58D60D2B95B8}.Release|Any CPU.Build.0 = Release|Any CPU
	EndGlobalSection
	GlobalSection(SolutionProperties) = preSolution
		HideSolutionNode = FALSE
	EndGlobalSection
	GlobalSection(ExtensibilityGlobals) = postSolution
		SolutionGuid = {07D7B94A-82A2-4CD6-A18D-39ADA316FFDD}
	EndGlobalSection
EndGlobal
